
Microsoft Visual Studio Solution File, Format Version 12.00
# Visual Studio Version 17
VisualStudioVersion = 17.12.35707.178 d17.12
MinimumVisualStudioVersion = 10.0.40219.1
Project("{FAE04EC0-301F-11D3-BF4B-00C04F79EFBC}") = "OldSchool", "OldSchool\OldSchool.csproj", "{FA1F7CBD-7E76-4057-9433-469499FEECD6}"
EndProject
Project("{FAE04EC0-301F-11D3-BF4B-00C04F79EFBC}") = "NewSchool", "NewSchool\NewSchool.csproj", "{A5C7035F-6D4B-42BF-AA24-0EF7E669B857}"
EndProject
Global
	GlobalSection(SolutionConfigurationPlatforms) = preSolution
		Debug|Any CPU = Debug|Any CPU
		Release|Any CPU = Release|Any CPU
	EndGlobalSection
	GlobalSection(ProjectConfigurationPlatforms) = postSolution
		{FA1F7CBD-7E76-4057-9433-469499FEECD6}.Debug|Any CPU.ActiveCfg = Debug|Any CPU
		{FA1F7CBD-7E76-4057-9433-469499FEECD6}.Debug|Any CPU.Build.0 = Debug|Any CPU
		{FA1F7CBD-7E76-4057-9433-469499FEECD6}.Release|Any CPU.ActiveCfg = Release|Any CPU
		{FA1F7CBD-7E76-4057-9433-469499FEECD6}.Release|Any CPU.Build.0 = Release|Any CPU
		{A5C7035F-6D4B-42BF-AA24-0EF7E669B857}.Debug|Any CPU.ActiveCfg = Debug|Any CPU
		{A5C7035F-6D4B-42BF-AA24-0EF7E669B857}.Debug|Any CPU.Build.0 = Debug|Any CPU
		{A5C7035F-6D4B-42BF-AA24-0EF7E669B857}.Release|Any CPU.ActiveCfg = Release|Any CPU
		{A5C7035F-6D4B-42BF-AA24-0EF7E669B857}.Release|Any CPU.Build.0 = Release|Any CPU
	EndGlobalSection
	GlobalSection(SolutionProperties) = preSolution
		HideSolutionNode = FALSE
	EndGlobalSection
EndGlobal
